
Microsoft Visual Studio Solution File, Format Version 12.00
# Visual Studio Version 17
VisualStudioVersion = 17.9.34701.34
MinimumVisualStudioVersion = 10.0.40219.1
Project("{9A19103F-16F7-4668-BE54-9A1E7A4F7556}") = "EasyInventoryManager", "SamplePlugin\EasyInventoryManager.csproj", "{13C812E9-0D42-4B95-8646-40EEBF30636F}"
EndProject
Project("{9A19103F-16F7-4668-BE54-9A1E7A4F7556}") = "ECommons", "ECommons\ECommons\ECommons.csproj", "{EAF1AB94-173A-4870-8C9B-4DE25C2E9B55}"
EndProject
Project("{9A19103F-16F7-4668-BE54-9A1E7A4F7556}") = "ClickLib", "ClickLib\ClickLib\ClickLib.csproj", "{64FAA773-87CF-4DD1-88C7-6E1657E52716}"
EndProject
Project("{9A19103F-16F7-4668-BE54-9A1E7A4F7556}") = "CriticalCommonLib", "CriticalCommonLib\CriticalCommonLib.csproj", "{435D1A0A-B0B8-47EB-AA6C-6D227BA97ECE}"
EndProject
Project("{9A19103F-16F7-4668-BE54-9A1E7A4F7556}") = "LuminaSupplemental.Excel", "LuminaSupplemental\src\LuminaSupplemental.Excel\LuminaSupplemental.Excel.csproj", "{AC0CE4E3-A4D0-498B-B9D5-BE647E5F63B9}"
EndProject
Project("{9A19103F-16F7-4668-BE54-9A1E7A4F7556}") = "DalaMock.Shared", "DalaMock\DalaMock.Shared\DalaMock.Shared.csproj", "{DA3CD746-FE51-4A5E-A992-272090E6D8A1}"
EndProject
Global
	GlobalSection(SolutionConfigurationPlatforms) = preSolution
		Debug|Any CPU = Debug|Any CPU
		Debug|x64 = Debug|x64
		FullDebug|Any CPU = FullDebug|Any CPU
		FullDebug|x64 = FullDebug|x64
		Release|Any CPU = Release|Any CPU
		Release|x64 = Release|x64
	EndGlobalSection
	GlobalSection(ProjectConfigurationPlatforms) = postSolution
		{13C812E9-0D42-4B95-8646-40EEBF30636F}.Debug|Any CPU.ActiveCfg = Debug|x64
		{13C812E9-0D42-4B95-8646-40EEBF30636F}.Debug|Any CPU.Build.0 = Debug|x64
		{13C812E9-0D42-4B95-8646-40EEBF30636F}.Debug|x64.ActiveCfg = Debug|x64
		{13C812E9-0D42-4B95-8646-40EEBF30636F}.Debug|x64.Build.0 = Debug|x64
		{13C812E9-0D42-4B95-8646-40EEBF30636F}.FullDebug|Any CPU.ActiveCfg = Debug|x64
		{13C812E9-0D42-4B95-8646-40EEBF30636F}.FullDebug|Any CPU.Build.0 = Debug|x64
		{13C812E9-0D42-4B95-8646-40EEBF30636F}.FullDebug|x64.ActiveCfg = Debug|x64
		{13C812E9-0D42-4B95-8646-40EEBF30636F}.FullDebug|x64.Build.0 = Debug|x64
		{13C812E9-0D42-4B95-8646-40EEBF30636F}.Release|Any CPU.ActiveCfg = Release|x64
		{13C812E9-0D42-4B95-8646-40EEBF30636F}.Release|Any CPU.Build.0 = Release|x64
		{13C812E9-0D42-4B95-8646-40EEBF30636F}.Release|x64.ActiveCfg = Release|x64
		{13C812E9-0D42-4B95-8646-40EEBF30636F}.Release|x64.Build.0 = Release|x64
		{EAF1AB94-173A-4870-8C9B-4DE25C2E9B55}.Debug|Any CPU.ActiveCfg = Debug|x64
		{EAF1AB94-173A-4870-8C9B-4DE25C2E9B55}.Debug|Any CPU.Build.0 = Debug|x64
		{EAF1AB94-173A-4870-8C9B-4DE25C2E9B55}.Debug|x64.ActiveCfg = Debug|x64
		{EAF1AB94-173A-4870-8C9B-4DE25C2E9B55}.Debug|x64.Build.0 = Debug|x64
		{EAF1AB94-173A-4870-8C9B-4DE25C2E9B55}.FullDebug|Any CPU.ActiveCfg = Debug|x64
		{EAF1AB94-173A-4870-8C9B-4DE25C2E9B55}.FullDebug|Any CPU.Build.0 = Debug|x64
		{EAF1AB94-173A-4870-8C9B-4DE25C2E9B55}.FullDebug|x64.ActiveCfg = Debug|x64
		{EAF1AB94-173A-4870-8C9B-4DE25C2E9B55}.FullDebug|x64.Build.0 = Debug|x64
		{EAF1AB94-173A-4870-8C9B-4DE25C2E9B55}.Release|Any CPU.ActiveCfg = Release|x64
		{EAF1AB94-173A-4870-8C9B-4DE25C2E9B55}.Release|Any CPU.Build.0 = Release|x64
		{EAF1AB94-173A-4870-8C9B-4DE25C2E9B55}.Release|x64.ActiveCfg = Release|x64
		{EAF1AB94-173A-4870-8C9B-4DE25C2E9B55}.Release|x64.Build.0 = Release|x64
		{64FAA773-87CF-4DD1-88C7-6E1657E52716}.Debug|Any CPU.ActiveCfg = Debug|x64
		{64FAA773-87CF-4DD1-88C7-6E1657E52716}.Debug|Any CPU.Build.0 = Debug|x64
		{64FAA773-87CF-4DD1-88C7-6E1657E52716}.Debug|x64.ActiveCfg = Debug|x64
		{64FAA773-87CF-4DD1-88C7-6E1657E52716}.Debug|x64.Build.0 = Debug|x64
		{64FAA773-87CF-4DD1-88C7-6E1657E52716}.FullDebug|Any CPU.ActiveCfg = Debug|x64
		{64FAA773-87CF-4DD1-88C7-6E1657E52716}.FullDebug|Any CPU.Build.0 = Debug|x64
		{64FAA773-87CF-4DD1-88C7-6E1657E52716}.FullDebug|x64.ActiveCfg = Debug|x64
		{64FAA773-87CF-4DD1-88C7-6E1657E52716}.FullDebug|x64.Build.0 = Debug|x64
		{64FAA773-87CF-4DD1-88C7-6E1657E52716}.Release|Any CPU.ActiveCfg = Release|x64
		{64FAA773-87CF-4DD1-88C7-6E1657E52716}.Release|Any CPU.Build.0 = Release|x64
		{64FAA773-87CF-4DD1-88C7-6E1657E52716}.Release|x64.ActiveCfg = Release|x64
		{64FAA773-87CF-4DD1-88C7-6E1657E52716}.Release|x64.Build.0 = Release|x64
		{435D1A0A-B0B8-47EB-AA6C-6D227BA97ECE}.Debug|Any CPU.ActiveCfg = Debug|Any CPU
		{435D1A0A-B0B8-47EB-AA6C-6D227BA97ECE}.Debug|Any CPU.Build.0 = Debug|Any CPU
		{435D1A0A-B0B8-47EB-AA6C-6D227BA97ECE}.Debug|x64.ActiveCfg = Debug|Any CPU
		{435D1A0A-B0B8-47EB-AA6C-6D227BA97ECE}.Debug|x64.Build.0 = Debug|Any CPU
		{435D1A0A-B0B8-47EB-AA6C-6D227BA97ECE}.FullDebug|Any CPU.ActiveCfg = FullDebug|Any CPU
		{435D1A0A-B0B8-47EB-AA6C-6D227BA97ECE}.FullDebug|Any CPU.Build.0 = FullDebug|Any CPU
		{435D1A0A-B0B8-47EB-AA6C-6D227BA97ECE}.FullDebug|x64.ActiveCfg = FullDebug|Any CPU
		{435D1A0A-B0B8-47EB-AA6C-6D227BA97ECE}.FullDebug|x64.Build.0 = FullDebug|Any CPU
		{435D1A0A-B0B8-47EB-AA6C-6D227BA97ECE}.Release|Any CPU.ActiveCfg = Release|Any CPU
		{435D1A0A-B0B8-47EB-AA6C-6D227BA97ECE}.Release|Any CPU.Build.0 = Release|Any CPU
		{435D1A0A-B0B8-47EB-AA6C-6D227BA97ECE}.Release|x64.ActiveCfg = Release|Any CPU
		{435D1A0A-B0B8-47EB-AA6C-6D227BA97ECE}.Release|x64.Build.0 = Release|Any CPU
		{AC0CE4E3-A4D0-498B-B9D5-BE647E5F63B9}.Debug|Any CPU.ActiveCfg = Debug|Any CPU
		{AC0CE4E3-A4D0-498B-B9D5-BE647E5F63B9}.Debug|Any CPU.Build.0 = Debug|Any CPU
		{AC0CE4E3-A4D0-498B-B9D5-BE647E5F63B9}.Debug|x64.ActiveCfg = Debug|Any CPU
		{AC0CE4E3-A4D0-498B-B9D5-BE647E5F63B9}.Debug|x64.Build.0 = Debug|Any CPU
		{AC0CE4E3-A4D0-498B-B9D5-BE647E5F63B9}.FullDebug|Any CPU.ActiveCfg = Debug|Any CPU
		{AC0CE4E3-A4D0-498B-B9D5-BE647E5F63B9}.FullDebug|Any CPU.Build.0 = Debug|Any CPU
		{AC0CE4E3-A4D0-498B-B9D5-BE647E5F63B9}.FullDebug|x64.ActiveCfg = Debug|Any CPU
		{AC0CE4E3-A4D0-498B-B9D5-BE647E5F63B9}.FullDebug|x64.Build.0 = Debug|Any CPU
		{AC0CE4E3-A4D0-498B-B9D5-BE647E5F63B9}.Release|Any CPU.ActiveCfg = Release|Any CPU
		{AC0CE4E3-A4D0-498B-B9D5-BE647E5F63B9}.Release|Any CPU.Build.0 = Release|Any CPU
		{AC0CE4E3-A4D0-498B-B9D5-BE647E5F63B9}.Release|x64.ActiveCfg = Release|Any CPU
		{AC0CE4E3-A4D0-498B-B9D5-BE647E5F63B9}.Release|x64.Build.0 = Release|Any CPU
		{DA3CD746-FE51-4A5E-A992-272090E6D8A1}.Debug|Any CPU.ActiveCfg = Debug|Any CPU
		{DA3CD746-FE51-4A5E-A992-272090E6D8A1}.Debug|Any CPU.Build.0 = Debug|Any CPU
		{DA3CD746-FE51-4A5E-A992-272090E6D8A1}.Debug|x64.ActiveCfg = Debug|Any CPU
		{DA3CD746-FE51-4A5E-A992-272090E6D8A1}.Debug|x64.Build.0 = Debug|Any CPU
		{DA3CD746-FE51-4A5E-A992-272090E6D8A1}.FullDebug|Any CPU.ActiveCfg = Debug|Any CPU
		{DA3CD746-FE51-4A5E-A992-272090E6D8A1}.FullDebug|Any CPU.Build.0 = Debug|Any CPU
		{DA3CD746-FE51-4A5E-A992-272090E6D8A1}.FullDebug|x64.ActiveCfg = Debug|Any CPU
		{DA3CD746-FE51-4A5E-A992-272090E6D8A1}.FullDebug|x64.Build.0 = Debug|Any CPU
		{DA3CD746-FE51-4A5E-A992-272090E6D8A1}.Release|Any CPU.ActiveCfg = Release|Any CPU
		{DA3CD746-FE51-4A5E-A992-272090E6D8A1}.Release|Any CPU.Build.0 = Release|Any CPU
		{DA3CD746-FE51-4A5E-A992-272090E6D8A1}.Release|x64.ActiveCfg = Release|Any CPU
		{DA3CD746-FE51-4A5E-A992-272090E6D8A1}.Release|x64.Build.0 = Release|Any CPU
	EndGlobalSection
	GlobalSection(SolutionProperties) = preSolution
		HideSolutionNode = FALSE
	EndGlobalSection
	GlobalSection(ExtensibilityGlobals) = postSolution
		SolutionGuid = {B17E85B1-5F60-4440-9F9A-3DDE877E8CDF}
	EndGlobalSection
EndGlobal
